
Microsoft Visual Studio Solution File, Format Version 12.00
# Visual Studio Version 16
VisualStudioVersion = 16.0.31313.79
MinimumVisualStudioVersion = 10.0.40219.1
Project("{FAE04EC0-301F-11D3-BF4B-00C04F79EFBC}") = "Aiub Blood Bank", "Aiub Blood Bank.csproj", "{27AC96F0-BBA3-4A50-B9B0-F7D59E8D7BEE}"
EndProject
Global
	GlobalSection(SolutionConfigurationPlatforms) = preSolution
		Debug|Any CPU = Debug|Any CPU
		Release|Any CPU = Release|Any CPU
	EndGlobalSection
	GlobalSection(ProjectConfigurationPlatforms) = postSolution
		{27AC96F0-BBA3-4A50-B9B0-F7D59E8D7BEE}.Debug|Any CPU.ActiveCfg = Debug|Any CPU
		{27AC96F0-BBA3-4A50-B9B0-F7D59E8D7BEE}.Debug|Any CPU.Build.0 = Debug|Any CPU
		{27AC96F0-BBA3-4A50-B9B0-F7D59E8D7BEE}.Release|Any CPU.ActiveCfg = Release|Any CPU
		{27AC96F0-BBA3-4A50-B9B0-F7D59E8D7BEE}.Release|Any CPU.Build.0 = Release|Any CPU
	EndGlobalSection
	GlobalSection(SolutionProperties) = preSolution
		HideSolutionNode = FALSE
	EndGlobalSection
	GlobalSection(ExtensibilityGlobals) = postSolution
		SolutionGuid = {1E7EA545-FBC0-44D4-9690-312F8B1689B8}
	EndGlobalSection
EndGlobal
